// !$*UTF8*$!
{
	archiveVersion = 1;
	classes = {
	};
	objectVersion = 50;
	objects = {

/* Begin PBXBuildFile section */
		F5081BC925B6BF1800A92C12 /* NSObject+JPNavigationBar.m in Sources */ = {isa = PBXBuildFile; fileRef = F5081BC825B6BF1800A92C12 /* NSObject+JPNavigationBar.m */; };
		F5081C0B25B8134E00A92C12 /* UIViewController+JPCategory.m in Sources */ = {isa = PBXBuildFile; fileRef = F5081C0A25B8134E00A92C12 /* UIViewController+JPCategory.m */; };
		F5D1DD2D25B0287B00A7936F /* NSObject+JPCategory.m in Sources */ = {isa = PBXBuildFile; fileRef = F5D1DD2C25B0287B00A7936F /* NSObject+JPCategory.m */; };
		F5D1DD3125B028DD00A7936F /* NSArray+JPCategory.m in Sources */ = {isa = PBXBuildFile; fileRef = F5D1DD3025B028DD00A7936F /* NSArray+JPCategory.m */; };
		F5D1DD3525B0296900A7936F /* UIImage+JPCategory.m in Sources */ = {isa = PBXBuildFile; fileRef = F5D1DD3425B0296900A7936F /* UIImage+JPCategory.m */; };
		F5D1DD3925B0299400A7936F /* UIColor+JPCategory.m in Sources */ = {isa = PBXBuildFile; fileRef = F5D1DD3825B0299400A7936F /* UIColor+JPCategory.m */; };
		F5D1DD3D25B029CC00A7936F /* UIView+JPCategory.m in Sources */ = {isa = PBXBuildFile; fileRef = F5D1DD3C25B029CC00A7936F /* UIView+JPCategory.m */; };
		F5D1DD4125B02B0900A7936F /* NSBundle+JPCategory.m in Sources */ = {isa = PBXBuildFile; fileRef = F5D1DD4025B02B0900A7936F /* NSBundle+JPCategory.m */; };
		F5D1DD4525B02B4E00A7936F /* UILabel+JPCategory.m in Sources */ = {isa = PBXBuildFile; fileRef = F5D1DD4425B02B4E00A7936F /* UILabel+JPCategory.m */; };
		F5DBAFF225918BCA0008D98F /* AppDelegate.m in Sources */ = {isa = PBXBuildFile; fileRef = F5DBAFF125918BCA0008D98F /* AppDelegate.m */; };
		F5DBAFF525918BCA0008D98F /* SceneDelegate.m in Sources */ = {isa = PBXBuildFile; fileRef = F5DBAFF425918BCA0008D98F /* SceneDelegate.m */; };
		F5DBAFF825918BCA0008D98F /* ViewController.m in Sources */ = {isa = PBXBuildFile; fileRef = F5DBAFF725918BCA0008D98F /* ViewController.m */; };
		F5DBAFFB25918BCA0008D98F /* Main.storyboard in Resources */ = {isa = PBXBuildFile; fileRef = F5DBAFF925918BCA0008D98F /* Main.storyboard */; };
		F5DBAFFD25918BCB0008D98F /* Assets.xcassets in Resources */ = {isa = PBXBuildFile; fileRef = F5DBAFFC25918BCB0008D98F /* Assets.xcassets */; };
		F5DBB00025918BCB0008D98F /* LaunchScreen.storyboard in Resources */ = {isa = PBXBuildFile; fileRef = F5DBAFFE25918BCB0008D98F /* LaunchScreen.storyboard */; };
		F5DBB00325918BCB0008D98F /* main.m in Sources */ = {isa = PBXBuildFile; fileRef = F5DBB00225918BCB0008D98F /* main.m */; };
		F5DBB01425918BEB0008D98F /* UIButton+JPImagePosition.m in Sources */ = {isa = PBXBuildFile; fileRef = F5DBB00D25918BEB0008D98F /* UIButton+JPImagePosition.m */; };
		F5DBB01525918BEB0008D98F /* UIButton+JPRemoveHighlight.m in Sources */ = {isa = PBXBuildFile; fileRef = F5DBB01025918BEB0008D98F /* UIButton+JPRemoveHighlight.m */; };
		F5DBB01625918BEB0008D98F /* UIButton+JPInitMethod.m in Sources */ = {isa = PBXBuildFile; fileRef = F5DBB01225918BEB0008D98F /* UIButton+JPInitMethod.m */; };
		F5DBB0802591C1B70008D98F /* CenterViewController.m in Sources */ = {isa = PBXBuildFile; fileRef = F5DBB07F2591C1B70008D98F /* CenterViewController.m */; };
		F5DBB0842591C1C00008D98F /* LeftViewController.m in Sources */ = {isa = PBXBuildFile; fileRef = F5DBB0832591C1C00008D98F /* LeftViewController.m */; };
		F5DBB0882591C1C70008D98F /* RightViewController.m in Sources */ = {isa = PBXBuildFile; fileRef = F5DBB0872591C1C70008D98F /* RightViewController.m */; };
/* End PBXBuildFile section */

/* Begin PBXFileReference section */
		F5081BC725B6BF1800A92C12 /* NSObject+JPNavigationBar.h */ = {isa = PBXFileReference; lastKnownFileType = sourcecode.c.h; path = "NSObject+JPNavigationBar.h"; sourceTree = "<group>"; };
		F5081BC825B6BF1800A92C12 /* NSObject+JPNavigationBar.m */ = {isa = PBXFileReference; lastKnownFileType = sourcecode.c.objc; path = "NSObject+JPNavigationBar.m"; sourceTree = "<group>"; };
		F5081C0925B8134E00A92C12 /* UIViewController+JPCategory.h */ = {isa = PBXFileReference; lastKnownFileType = sourcecode.c.h; path = "UIViewController+JPCategory.h"; sourceTree = "<group>"; };
		F5081C0A25B8134E00A92C12 /* UIViewController+JPCategory.m */ = {isa = PBXFileReference; lastKnownFileType = sourcecode.c.objc; path = "UIViewController+JPCategory.m"; sourceTree = "<group>"; };
		F5D1DD2B25B0287B00A7936F /* NSObject+JPCategory.h */ = {isa = PBXFileReference; lastKnownFileType = sourcecode.c.h; path = "NSObject+JPCategory.h"; sourceTree = "<group>"; };
		F5D1DD2C25B0287B00A7936F /* NSObject+JPCategory.m */ = {isa = PBXFileReference; lastKnownFileType = sourcecode.c.objc; path = "NSObject+JPCategory.m"; sourceTree = "<group>"; };
		F5D1DD2F25B028DD00A7936F /* NSArray+JPCategory.h */ = {isa = PBXFileReference; lastKnownFileType = sourcecode.c.h; path = "NSArray+JPCategory.h"; sourceTree = "<group>"; };
		F5D1DD3025B028DD00A7936F /* NSArray+JPCategory.m */ = {isa = PBXFileReference; lastKnownFileType = sourcecode.c.objc; path = "NSArray+JPCategory.m"; sourceTree = "<group>"; };
		F5D1DD3325B0296900A7936F /* UIImage+JPCategory.h */ = {isa = PBXFileReference; lastKnownFileType = sourcecode.c.h; path = "UIImage+JPCategory.h"; sourceTree = "<group>"; };
		F5D1DD3425B0296900A7936F /* UIImage+JPCategory.m */ = {isa = PBXFileReference; lastKnownFileType = sourcecode.c.objc; path = "UIImage+JPCategory.m"; sourceTree = "<group>"; };
		F5D1DD3725B0299400A7936F /* UIColor+JPCategory.h */ = {isa = PBXFileReference; lastKnownFileType = sourcecode.c.h; path = "UIColor+JPCategory.h"; sourceTree = "<group>"; };
		F5D1DD3825B0299400A7936F /* UIColor+JPCategory.m */ = {isa = PBXFileReference; lastKnownFileType = sourcecode.c.objc; path = "UIColor+JPCategory.m"; sourceTree = "<group>"; };
		F5D1DD3B25B029CC00A7936F /* UIView+JPCategory.h */ = {isa = PBXFileReference; lastKnownFileType = sourcecode.c.h; path = "UIView+JPCategory.h"; sourceTree = "<group>"; };
		F5D1DD3C25B029CC00A7936F /* UIView+JPCategory.m */ = {isa = PBXFileReference; lastKnownFileType = sourcecode.c.objc; path = "UIView+JPCategory.m"; sourceTree = "<group>"; };
		F5D1DD3F25B02B0900A7936F /* NSBundle+JPCategory.h */ = {isa = PBXFileReference; lastKnownFileType = sourcecode.c.h; path = "NSBundle+JPCategory.h"; sourceTree = "<group>"; };
		F5D1DD4025B02B0900A7936F /* NSBundle+JPCategory.m */ = {isa = PBXFileReference; lastKnownFileType = sourcecode.c.objc; path = "NSBundle+JPCategory.m"; sourceTree = "<group>"; };
		F5D1DD4325B02B4E00A7936F /* UILabel+JPCategory.h */ = {isa = PBXFileReference; lastKnownFileType = sourcecode.c.h; path = "UILabel+JPCategory.h"; sourceTree = "<group>"; };
		F5D1DD4425B02B4E00A7936F /* UILabel+JPCategory.m */ = {isa = PBXFileReference; lastKnownFileType = sourcecode.c.objc; path = "UILabel+JPCategory.m"; sourceTree = "<group>"; };
		F5DBAFED25918BCA0008D98F /* JPCategoryOCDemo.app */ = {isa = PBXFileReference; explicitFileType = wrapper.application; includeInIndex = 0; path = JPCategoryOCDemo.app; sourceTree = BUILT_PRODUCTS_DIR; };
		F5DBAFF025918BCA0008D98F /* AppDelegate.h */ = {isa = PBXFileReference; lastKnownFileType = sourcecode.c.h; path = AppDelegate.h; sourceTree = "<group>"; };
		F5DBAFF125918BCA0008D98F /* AppDelegate.m */ = {isa = PBXFileReference; lastKnownFileType = sourcecode.c.objc; path = AppDelegate.m; sourceTree = "<group>"; };
		F5DBAFF325918BCA0008D98F /* SceneDelegate.h */ = {isa = PBXFileReference; lastKnownFileType = sourcecode.c.h; path = SceneDelegate.h; sourceTree = "<group>"; };
		F5DBAFF425918BCA0008D98F /* SceneDelegate.m */ = {isa = PBXFileReference; lastKnownFileType = sourcecode.c.objc; path = SceneDelegate.m; sourceTree = "<group>"; };
		F5DBAFF625918BCA0008D98F /* ViewController.h */ = {isa = PBXFileReference; lastKnownFileType = sourcecode.c.h; path = ViewController.h; sourceTree = "<group>"; };
		F5DBAFF725918BCA0008D98F /* ViewController.m */ = {isa = PBXFileReference; lastKnownFileType = sourcecode.c.objc; path = ViewController.m; sourceTree = "<group>"; };
		F5DBAFFA25918BCA0008D98F /* Base */ = {isa = PBXFileReference; lastKnownFileType = file.storyboard; name = Base; path = Base.lproj/Main.storyboard; sourceTree = "<group>"; };
		F5DBAFFC25918BCB0008D98F /* Assets.xcassets */ = {isa = PBXFileReference; lastKnownFileType = folder.assetcatalog; path = Assets.xcassets; sourceTree = "<group>"; };
		F5DBAFFF25918BCB0008D98F /* Base */ = {isa = PBXFileReference; lastKnownFileType = file.storyboard; name = Base; path = Base.lproj/LaunchScreen.storyboard; sourceTree = "<group>"; };
		F5DBB00125918BCB0008D98F /* Info.plist */ = {isa = PBXFileReference; lastKnownFileType = text.plist.xml; path = Info.plist; sourceTree = "<group>"; };
		F5DBB00225918BCB0008D98F /* main.m */ = {isa = PBXFileReference; lastKnownFileType = sourcecode.c.objc; path = main.m; sourceTree = "<group>"; };
		F5DBB00C25918BEB0008D98F /* UIButton+JPRemoveHighlight.h */ = {isa = PBXFileReference; fileEncoding = 4; lastKnownFileType = sourcecode.c.h; path = "UIButton+JPRemoveHighlight.h"; sourceTree = "<group>"; };
		F5DBB00D25918BEB0008D98F /* UIButton+JPImagePosition.m */ = {isa = PBXFileReference; fileEncoding = 4; lastKnownFileType = sourcecode.c.objc; path = "UIButton+JPImagePosition.m"; sourceTree = "<group>"; };
		F5DBB00E25918BEB0008D98F /* UIButton+JPInitMethod.h */ = {isa = PBXFileReference; fileEncoding = 4; lastKnownFileType = sourcecode.c.h; path = "UIButton+JPInitMethod.h"; sourceTree = "<group>"; };
		F5DBB01025918BEB0008D98F /* UIButton+JPRemoveHighlight.m */ = {isa = PBXFileReference; fileEncoding = 4; lastKnownFileType = sourcecode.c.objc; path = "UIButton+JPRemoveHighlight.m"; sourceTree = "<group>"; };
		F5DBB01125918BEB0008D98F /* UIButton+JPImagePosition.h */ = {isa = PBXFileReference; fileEncoding = 4; lastKnownFileType = sourcecode.c.h; path = "UIButton+JPImagePosition.h"; sourceTree = "<group>"; };
		F5DBB01225918BEB0008D98F /* UIButton+JPInitMethod.m */ = {isa = PBXFileReference; fileEncoding = 4; lastKnownFileType = sourcecode.c.objc; path = "UIButton+JPInitMethod.m"; sourceTree = "<group>"; };
		F5DBB01325918BEB0008D98F /* JPCategory.h */ = {isa = PBXFileReference; fileEncoding = 4; lastKnownFileType = sourcecode.c.h; path = JPCategory.h; sourceTree = "<group>"; };
		F5DBB07E2591C1B60008D98F /* CenterViewController.h */ = {isa = PBXFileReference; lastKnownFileType = sourcecode.c.h; path = CenterViewController.h; sourceTree = "<group>"; };
		F5DBB07F2591C1B70008D98F /* CenterViewController.m */ = {isa = PBXFileReference; lastKnownFileType = sourcecode.c.objc; path = CenterViewController.m; sourceTree = "<group>"; };
		F5DBB0822591C1C00008D98F /* LeftViewController.h */ = {isa = PBXFileReference; lastKnownFileType = sourcecode.c.h; path = LeftViewController.h; sourceTree = "<group>"; };
		F5DBB0832591C1C00008D98F /* LeftViewController.m */ = {isa = PBXFileReference; lastKnownFileType = sourcecode.c.objc; path = LeftViewController.m; sourceTree = "<group>"; };
		F5DBB0862591C1C70008D98F /* RightViewController.h */ = {isa = PBXFileReference; lastKnownFileType = sourcecode.c.h; path = RightViewController.h; sourceTree = "<group>"; };
		F5DBB0872591C1C70008D98F /* RightViewController.m */ = {isa = PBXFileReference; lastKnownFileType = sourcecode.c.objc; path = RightViewController.m; sourceTree = "<group>"; };
/* End PBXFileReference section */

/* Begin PBXFrameworksBuildPhase section */
		F5DBAFEA25918BCA0008D98F /* Frameworks */ = {
			isa = PBXFrameworksBuildPhase;
			buildActionMask = 2147483647;
			files = (
			);
			runOnlyForDeploymentPostprocessing = 0;
		};
/* End PBXFrameworksBuildPhase section */

/* Begin PBXGroup section */
		2097A29F0B2ED1FFD63375AA /* UIViewController */ = {
			isa = PBXGroup;
			children = (
				F5081C0925B8134E00A92C12 /* UIViewController+JPCategory.h */,
				F5081C0A25B8134E00A92C12 /* UIViewController+JPCategory.m */,
			);
			path = UIViewController;
			sourceTree = "<group>";
		};
		F5D1DD2225B0272D00A7936F /* NSObject */ = {
			isa = PBXGroup;
			children = (
				F5D1DD2B25B0287B00A7936F /* NSObject+JPCategory.h */,
				F5D1DD2C25B0287B00A7936F /* NSObject+JPCategory.m */,
				F5081BC725B6BF1800A92C12 /* NSObject+JPNavigationBar.h */,
				F5081BC825B6BF1800A92C12 /* NSObject+JPNavigationBar.m */,
			);
			path = NSObject;
			sourceTree = "<group>";
		};
		F5D1DD2325B0273600A7936F /* UIImage */ = {
			isa = PBXGroup;
			children = (
				F5D1DD3325B0296900A7936F /* UIImage+JPCategory.h */,
				F5D1DD3425B0296900A7936F /* UIImage+JPCategory.m */,
			);
			path = UIImage;
			sourceTree = "<group>";
		};
		F5D1DD2425B0273F00A7936F /* UIImageView */ = {
			isa = PBXGroup;
			children = (
			);
			path = UIImageView;
			sourceTree = "<group>";
		};
		F5D1DD2525B0274800A7936F /* UIView */ = {
			isa = PBXGroup;
			children = (
				F5D1DD3B25B029CC00A7936F /* UIView+JPCategory.h */,
				F5D1DD3C25B029CC00A7936F /* UIView+JPCategory.m */,
			);
			path = UIView;
			sourceTree = "<group>";
		};
		F5D1DD2625B0277800A7936F /* UIColor */ = {
			isa = PBXGroup;
			children = (
				F5D1DD3725B0299400A7936F /* UIColor+JPCategory.h */,
				F5D1DD3825B0299400A7936F /* UIColor+JPCategory.m */,
			);
			path = UIColor;
			sourceTree = "<group>";
		};
		F5D1DD2725B0277E00A7936F /* UILabel */ = {
			isa = PBXGroup;
			children = (
				F5D1DD4325B02B4E00A7936F /* UILabel+JPCategory.h */,
				F5D1DD4425B02B4E00A7936F /* UILabel+JPCategory.m */,
			);
			path = UILabel;
			sourceTree = "<group>";
		};
		F5D1DD2825B0278300A7936F /* NSBundle */ = {
			isa = PBXGroup;
			children = (
				F5D1DD3F25B02B0900A7936F /* NSBundle+JPCategory.h */,
				F5D1DD4025B02B0900A7936F /* NSBundle+JPCategory.m */,
			);
			path = NSBundle;
			sourceTree = "<group>";
		};
		F5D1DD2925B027A200A7936F /* NSArray */ = {
			isa = PBXGroup;
			children = (
				F5D1DD2F25B028DD00A7936F /* NSArray+JPCategory.h */,
				F5D1DD3025B028DD00A7936F /* NSArray+JPCategory.m */,
			);
			path = NSArray;
			sourceTree = "<group>";
		};
		F5D1DD2A25B0280E00A7936F /* UINavigation */ = {
			isa = PBXGroup;
			children = (
			);
			path = UINavigation;
			sourceTree = "<group>";
		};
		F5DBAFE425918BCA0008D98F = {
			isa = PBXGroup;
			children = (
				F5DBAFEF25918BCA0008D98F /* JPCategoryOCDemo */,
				F5DBAFEE25918BCA0008D98F /* Products */,
			);
			sourceTree = "<group>";
		};
		F5DBAFEE25918BCA0008D98F /* Products */ = {
			isa = PBXGroup;
			children = (
				F5DBAFED25918BCA0008D98F /* JPCategoryOCDemo.app */,
			);
			name = Products;
			sourceTree = "<group>";
		};
		F5DBAFEF25918BCA0008D98F /* JPCategoryOCDemo */ = {
			isa = PBXGroup;
			children = (
				F5DBB00A25918BEB0008D98F /* JPCategory-OC */,
				F5DBAFF025918BCA0008D98F /* AppDelegate.h */,
				F5DBAFF125918BCA0008D98F /* AppDelegate.m */,
				F5DBAFF325918BCA0008D98F /* SceneDelegate.h */,
				F5DBAFF425918BCA0008D98F /* SceneDelegate.m */,
				F5DBAFF625918BCA0008D98F /* ViewController.h */,
				F5DBAFF725918BCA0008D98F /* ViewController.m */,
				F5DBB07E2591C1B60008D98F /* CenterViewController.h */,
				F5DBB07F2591C1B70008D98F /* CenterViewController.m */,
				F5DBB0822591C1C00008D98F /* LeftViewController.h */,
				F5DBB0832591C1C00008D98F /* LeftViewController.m */,
				F5DBB0862591C1C70008D98F /* RightViewController.h */,
				F5DBB0872591C1C70008D98F /* RightViewController.m */,
				F5DBAFF925918BCA0008D98F /* Main.storyboard */,
				F5DBAFFC25918BCB0008D98F /* Assets.xcassets */,
				F5DBAFFE25918BCB0008D98F /* LaunchScreen.storyboard */,
				F5DBB00125918BCB0008D98F /* Info.plist */,
				F5DBB00225918BCB0008D98F /* main.m */,
			);
			path = JPCategoryOCDemo;
			sourceTree = "<group>";
		};
		F5DBB00A25918BEB0008D98F /* JPCategory-OC */ = {
			isa = PBXGroup;
			children = (
				F5D1DD2A25B0280E00A7936F /* UINavigation */,
				F5D1DD2925B027A200A7936F /* NSArray */,
				F5D1DD2825B0278300A7936F /* NSBundle */,
				F5D1DD2725B0277E00A7936F /* UILabel */,
				F5D1DD2625B0277800A7936F /* UIColor */,
				F5D1DD2525B0274800A7936F /* UIView */,
				F5D1DD2425B0273F00A7936F /* UIImageView */,
				F5D1DD2325B0273600A7936F /* UIImage */,
				F5D1DD2225B0272D00A7936F /* NSObject */,
				F5DBB00B25918BEB0008D98F /* UIButton */,
				F5DBB01325918BEB0008D98F /* JPCategory.h */,
				2097A29F0B2ED1FFD63375AA /* UIViewController */,
			);
			path = "JPCategory-OC";
			sourceTree = SOURCE_ROOT;
		};
		F5DBB00B25918BEB0008D98F /* UIButton */ = {
			isa = PBXGroup;
			children = (
				F5DBB00C25918BEB0008D98F /* UIButton+JPRemoveHighlight.h */,
				F5DBB00D25918BEB0008D98F /* UIButton+JPImagePosition.m */,
				F5DBB00E25918BEB0008D98F /* UIButton+JPInitMethod.h */,
				F5DBB01025918BEB0008D98F /* UIButton+JPRemoveHighlight.m */,
				F5DBB01125918BEB0008D98F /* UIButton+JPImagePosition.h */,
				F5DBB01225918BEB0008D98F /* UIButton+JPInitMethod.m */,
			);
			path = UIButton;
			sourceTree = "<group>";
		};
/* End PBXGroup section */

/* Begin PBXNativeTarget section */
		F5DBAFEC25918BCA0008D98F /* JPCategoryOCDemo */ = {
			isa = PBXNativeTarget;
			buildConfigurationList = F5DBB00625918BCB0008D98F /* Build configuration list for PBXNativeTarget "JPCategoryOCDemo" */;
			buildPhases = (
				F5DBAFE925918BCA0008D98F /* Sources */,
				F5DBAFEA25918BCA0008D98F /* Frameworks */,
				F5DBAFEB25918BCA0008D98F /* Resources */,
			);
			buildRules = (
			);
			dependencies = (
			);
			name = JPCategoryOCDemo;
			productName = JPCategoryOCDemo;
			productReference = F5DBAFED25918BCA0008D98F /* JPCategoryOCDemo.app */;
			productType = "com.apple.product-type.application";
		};
/* End PBXNativeTarget section */

/* Begin PBXProject section */
		F5DBAFE525918BCA0008D98F /* Project object */ = {
			isa = PBXProject;
			attributes = {
				LastUpgradeCheck = 1220;
				TargetAttributes = {
					F5DBAFEC25918BCA0008D98F = {
						CreatedOnToolsVersion = 12.2;
					};
				};
			};
			buildConfigurationList = F5DBAFE825918BCA0008D98F /* Build configuration list for PBXProject "JPCategoryOCDemo" */;
			compatibilityVersion = "Xcode 9.3";
			developmentRegion = en;
			hasScannedForEncodings = 0;
			knownRegions = (
				en,
				Base,
			);
			mainGroup = F5DBAFE425918BCA0008D98F;
			productRefGroup = F5DBAFEE25918BCA0008D98F /* Products */;
			projectDirPath = "";
			projectRoot = "";
			targets = (
				F5DBAFEC25918BCA0008D98F /* JPCategoryOCDemo */,
			);
		};
/* End PBXProject section */

/* Begin PBXResourcesBuildPhase section */
		F5DBAFEB25918BCA0008D98F /* Resources */ = {
			isa = PBXResourcesBuildPhase;
			buildActionMask = 2147483647;
			files = (
				F5DBB00025918BCB0008D98F /* LaunchScreen.storyboard in Resources */,
				F5DBAFFD25918BCB0008D98F /* Assets.xcassets in Resources */,
				F5DBAFFB25918BCA0008D98F /* Main.storyboard in Resources */,
			);
			runOnlyForDeploymentPostprocessing = 0;
		};
/* End PBXResourcesBuildPhase section */

/* Begin PBXSourcesBuildPhase section */
		F5DBAFE925918BCA0008D98F /* Sources */ = {
			isa = PBXSourcesBuildPhase;
			buildActionMask = 2147483647;
			files = (
				F5081C0B25B8134E00A92C12 /* UIViewController+JPCategory.m in Sources */,
				F5DBB0842591C1C00008D98F /* LeftViewController.m in Sources */,
				F5DBAFF825918BCA0008D98F /* ViewController.m in Sources */,
				F5D1DD3125B028DD00A7936F /* NSArray+JPCategory.m in Sources */,
				F5D1DD3925B0299400A7936F /* UIColor+JPCategory.m in Sources */,
				F5DBB0802591C1B70008D98F /* CenterViewController.m in Sources */,
				F5D1DD4525B02B4E00A7936F /* UILabel+JPCategory.m in Sources */,
				F5D1DD2D25B0287B00A7936F /* NSObject+JPCategory.m in Sources */,
				F5DBB01425918BEB0008D98F /* UIButton+JPImagePosition.m in Sources */,
				F5DBAFF225918BCA0008D98F /* AppDelegate.m in Sources */,
				F5D1DD3525B0296900A7936F /* UIImage+JPCategory.m in Sources */,
				F5DBB0882591C1C70008D98F /* RightViewController.m in Sources */,
				F5DBB01625918BEB0008D98F /* UIButton+JPInitMethod.m in Sources */,
				F5DBB00325918BCB0008D98F /* main.m in Sources */,
				F5081BC925B6BF1800A92C12 /* NSObject+JPNavigationBar.m in Sources */,
				F5DBB01525918BEB0008D98F /* UIButton+JPRemoveHighlight.m in Sources */,
				F5D1DD3D25B029CC00A7936F /* UIView+JPCategory.m in Sources */,
				F5D1DD4125B02B0900A7936F /* NSBundle+JPCategory.m in Sources */,
				F5DBAFF525918BCA0008D98F /* SceneDelegate.m in Sources */,
			);
			runOnlyForDeploymentPostprocessing = 0;
		};
/* End PBXSourcesBuildPhase section */

/* Begin PBXVariantGroup section */
		F5DBAFF925918BCA0008D98F /* Main.storyboard */ = {
			isa = PBXVariantGroup;
			children = (
				F5DBAFFA25918BCA0008D98F /* Base */,
			);
			name = Main.storyboard;
			sourceTree = "<group>";
		};
		F5DBAFFE25918BCB0008D98F /* LaunchScreen.storyboard */ = {
			isa = PBXVariantGroup;
			children = (
				F5DBAFFF25918BCB0008D98F /* Base */,
			);
			name = LaunchScreen.storyboard;
			sourceTree = "<group>";
		};
/* End PBXVariantGroup section */

/* Begin XCBuildConfiguration section */
		F5DBB00425918BCB0008D98F /* Debug */ = {
			isa = XCBuildConfiguration;
			buildSettings = {
				ALWAYS_SEARCH_USER_PATHS = NO;
				CLANG_ANALYZER_NONNULL = YES;
				CLANG_ANALYZER_NUMBER_OBJECT_CONVERSION = YES_AGGRESSIVE;
				CLANG_CXX_LANGUAGE_STANDARD = "gnu++14";
				CLANG_CXX_LIBRARY = "libc++";
				CLANG_ENABLE_MODULES = YES;
				CLANG_ENABLE_OBJC_ARC = YES;
				CLANG_ENABLE_OBJC_WEAK = YES;
				CLANG_WARN_BLOCK_CAPTURE_AUTORELEASING = YES;
				CLANG_WARN_BOOL_CONVERSION = YES;
				CLANG_WARN_COMMA = YES;
				CLANG_WARN_CONSTANT_CONVERSION = YES;
				CLANG_WARN_DEPRECATED_OBJC_IMPLEMENTATIONS = YES;
				CLANG_WARN_DIRECT_OBJC_ISA_USAGE = YES_ERROR;
				CLANG_WARN_DOCUMENTATION_COMMENTS = YES;
				CLANG_WARN_EMPTY_BODY = YES;
				CLANG_WARN_ENUM_CONVERSION = YES;
				CLANG_WARN_INFINITE_RECURSION = YES;
				CLANG_WARN_INT_CONVERSION = YES;
				CLANG_WARN_NON_LITERAL_NULL_CONVERSION = YES;
				CLANG_WARN_OBJC_IMPLICIT_RETAIN_SELF = YES;
				CLANG_WARN_OBJC_LITERAL_CONVERSION = YES;
				CLANG_WARN_OBJC_ROOT_CLASS = YES_ERROR;
				CLANG_WARN_QUOTED_INCLUDE_IN_FRAMEWORK_HEADER = YES;
				CLANG_WARN_RANGE_LOOP_ANALYSIS = YES;
				CLANG_WARN_STRICT_PROTOTYPES = YES;
				CLANG_WARN_SUSPICIOUS_MOVE = YES;
				CLANG_WARN_UNGUARDED_AVAILABILITY = YES_AGGRESSIVE;
				CLANG_WARN_UNREACHABLE_CODE = YES;
				CLANG_WARN__DUPLICATE_METHOD_MATCH = YES;
				COPY_PHASE_STRIP = NO;
				DEBUG_INFORMATION_FORMAT = dwarf;
				ENABLE_STRICT_OBJC_MSGSEND = YES;
				ENABLE_TESTABILITY = YES;
				GCC_C_LANGUAGE_STANDARD = gnu11;
				GCC_DYNAMIC_NO_PIC = NO;
				GCC_NO_COMMON_BLOCKS = YES;
				GCC_OPTIMIZATION_LEVEL = 0;
				GCC_PREPROCESSOR_DEFINITIONS = (
					"DEBUG=1",
					"$(inherited)",
				);
				GCC_WARN_64_TO_32_BIT_CONVERSION = YES;
				GCC_WARN_ABOUT_RETURN_TYPE = YES_ERROR;
				GCC_WARN_UNDECLARED_SELECTOR = YES;
				GCC_WARN_UNINITIALIZED_AUTOS = YES_AGGRESSIVE;
				GCC_WARN_UNUSED_FUNCTION = YES;
				GCC_WARN_UNUSED_VARIABLE = YES;
				IPHONEOS_DEPLOYMENT_TARGET = 14.2;
				MTL_ENABLE_DEBUG_INFO = INCLUDE_SOURCE;
				MTL_FAST_MATH = YES;
				ONLY_ACTIVE_ARCH = YES;
				SDKROOT = iphoneos;
			};
			name = Debug;
		};
		F5DBB00525918BCB0008D98F /* Release */ = {
			isa = XCBuildConfiguration;
			buildSettings = {
				ALWAYS_SEARCH_USER_PATHS = NO;
				CLANG_ANALYZER_NONNULL = YES;
				CLANG_ANALYZER_NUMBER_OBJECT_CONVERSION = YES_AGGRESSIVE;
				CLANG_CXX_LANGUAGE_STANDARD = "gnu++14";
				CLANG_CXX_LIBRARY = "libc++";
				CLANG_ENABLE_MODULES = YES;
				CLANG_ENABLE_OBJC_ARC = YES;
				CLANG_ENABLE_OBJC_WEAK = YES;
				CLANG_WARN_BLOCK_CAPTURE_AUTORELEASING = YES;
				CLANG_WARN_BOOL_CONVERSION = YES;
				CLANG_WARN_COMMA = YES;
				CLANG_WARN_CONSTANT_CONVERSION = YES;
				CLANG_WARN_DEPRECATED_OBJC_IMPLEMENTATIONS = YES;
				CLANG_WARN_DIRECT_OBJC_ISA_USAGE = YES_ERROR;
				CLANG_WARN_DOCUMENTATION_COMMENTS = YES;
				CLANG_WARN_EMPTY_BODY = YES;
				CLANG_WARN_ENUM_CONVERSION = YES;
				CLANG_WARN_INFINITE_RECURSION = YES;
				CLANG_WARN_INT_CONVERSION = YES;
				CLANG_WARN_NON_LITERAL_NULL_CONVERSION = YES;
				CLANG_WARN_OBJC_IMPLICIT_RETAIN_SELF = YES;
				CLANG_WARN_OBJC_LITERAL_CONVERSION = YES;
				CLANG_WARN_OBJC_ROOT_CLASS = YES_ERROR;
				CLANG_WARN_QUOTED_INCLUDE_IN_FRAMEWORK_HEADER = YES;
				CLANG_WARN_RANGE_LOOP_ANALYSIS = YES;
				CLANG_WARN_STRICT_PROTOTYPES = YES;
				CLANG_WARN_SUSPICIOUS_MOVE = YES;
				CLANG_WARN_UNGUARDED_AVAILABILITY = YES_AGGRESSIVE;
				CLANG_WARN_UNREACHABLE_CODE = YES;
				CLANG_WARN__DUPLICATE_METHOD_MATCH = YES;
				COPY_PHASE_STRIP = NO;
				DEBUG_INFORMATION_FORMAT = "dwarf-with-dsym";
				ENABLE_NS_ASSERTIONS = NO;
				ENABLE_STRICT_OBJC_MSGSEND = YES;
				GCC_C_LANGUAGE_STANDARD = gnu11;
				GCC_NO_COMMON_BLOCKS = YES;
				GCC_WARN_64_TO_32_BIT_CONVERSION = YES;
				GCC_WARN_ABOUT_RETURN_TYPE = YES_ERROR;
				GCC_WARN_UNDECLARED_SELECTOR = YES;
				GCC_WARN_UNINITIALIZED_AUTOS = YES_AGGRESSIVE;
				GCC_WARN_UNUSED_FUNCTION = YES;
				GCC_WARN_UNUSED_VARIABLE = YES;
				IPHONEOS_DEPLOYMENT_TARGET = 14.2;
				MTL_ENABLE_DEBUG_INFO = NO;
				MTL_FAST_MATH = YES;
				SDKROOT = iphoneos;
				VALIDATE_PRODUCT = YES;
			};
			name = Release;
		};
		F5DBB00725918BCB0008D98F /* Debug */ = {
			isa = XCBuildConfiguration;
			buildSettings = {
				ASSETCATALOG_COMPILER_APPICON_NAME = AppIcon;
				ASSETCATALOG_COMPILER_GLOBAL_ACCENT_COLOR_NAME = AccentColor;
				CODE_SIGN_STYLE = Automatic;
				CURRENT_PROJECT_VERSION = 129;
				INFOPLIST_FILE = JPCategoryOCDemo/Info.plist;
				LD_RUNPATH_SEARCH_PATHS = (
					"$(inherited)",
					"@executable_path/Frameworks",
				);
				MARKETING_VERSION = 1.2.9;
				PRODUCT_BUNDLE_IDENTIFIER = com.djp.demo.JPCategoryOCDemo;
				PRODUCT_NAME = "$(TARGET_NAME)";
				TARGETED_DEVICE_FAMILY = "1,2";
			};
			name = Debug;
		};
		F5DBB00825918BCB0008D98F /* Release */ = {
			isa = XCBuildConfiguration;
			buildSettings = {
				ASSETCATALOG_COMPILER_APPICON_NAME = AppIcon;
				ASSETCATALOG_COMPILER_GLOBAL_ACCENT_COLOR_NAME = AccentColor;
				CODE_SIGN_STYLE = Automatic;
				CURRENT_PROJECT_VERSION = 129;
				INFOPLIST_FILE = JPCategoryOCDemo/Info.plist;
				LD_RUNPATH_SEARCH_PATHS = (
					"$(inherited)",
					"@executable_path/Frameworks",
				);
				MARKETING_VERSION = 1.2.9;
				PRODUCT_BUNDLE_IDENTIFIER = com.djp.demo.JPCategoryOCDemo;
				PRODUCT_NAME = "$(TARGET_NAME)";
				TARGETED_DEVICE_FAMILY = "1,2";
			};
			name = Release;
		};
/* End XCBuildConfiguration section */

/* Begin XCConfigurationList section */
		F5DBAFE825918BCA0008D98F /* Build configuration list for PBXProject "JPCategoryOCDemo" */ = {
			isa = XCConfigurationList;
			buildConfigurations = (
				F5DBB00425918BCB0008D98F /* Debug */,
				F5DBB00525918BCB0008D98F /* Release */,
			);
			defaultConfigurationIsVisible = 0;
			defaultConfigurationName = Release;
		};
		F5DBB00625918BCB0008D98F /* Build configuration list for PBXNativeTarget "JPCategoryOCDemo" */ = {
			isa = XCConfigurationList;
			buildConfigurations = (
				F5DBB00725918BCB0008D98F /* Debug */,
				F5DBB00825918BCB0008D98F /* Release */,
			);
			defaultConfigurationIsVisible = 0;
			defaultConfigurationName = Release;
		};
/* End XCConfigurationList section */
	};
	rootObject = F5DBAFE525918BCA0008D98F /* Project object */;
}
